
Microsoft Visual Studio Solution File, Format Version 12.00
# Visual Studio Version 17
VisualStudioVersion = 17.13.36105.23 d17.13
MinimumVisualStudioVersion = 10.0.40219.1
Project("{FAE04EC0-301F-11D3-BF4B-00C04F79EFBC}") = "DynamicReporterApi", "DynamicReporterApi\DynamicReporterApi.csproj", "{00334DF0-5D8E-4EE7-BE4E-5D6AC9ADFAFC}"
EndProject
Project("{FAE04EC0-301F-11D3-BF4B-00C04F79EFBC}") = "DynamicReporterApi.Domain", "Domain\DynamicReporterApi.Domain\DynamicReporterApi.Domain.csproj", "{9E3B7C91-E06F-4532-948E-27FEF4BC9ACB}"
EndProject
Global
	GlobalSection(SolutionConfigurationPlatforms) = preSolution
		Debug|Any CPU = Debug|Any CPU
		Release|Any CPU = Release|Any CPU
	EndGlobalSection
	GlobalSection(ProjectConfigurationPlatforms) = postSolution
		{00334DF0-5D8E-4EE7-BE4E-5D6AC9ADFAFC}.Debug|Any CPU.ActiveCfg = Debug|Any CPU
		{00334DF0-5D8E-4EE7-BE4E-5D6AC9ADFAFC}.Debug|Any CPU.Build.0 = Debug|Any CPU
		{00334DF0-5D8E-4EE7-BE4E-5D6AC9ADFAFC}.Release|Any CPU.ActiveCfg = Release|Any CPU
		{00334DF0-5D8E-4EE7-BE4E-5D6AC9ADFAFC}.Release|Any CPU.Build.0 = Release|Any CPU
		{9E3B7C91-E06F-4532-948E-27FEF4BC9ACB}.Debug|Any CPU.ActiveCfg = Debug|Any CPU
		{9E3B7C91-E06F-4532-948E-27FEF4BC9ACB}.Debug|Any CPU.Build.0 = Debug|Any CPU
		{9E3B7C91-E06F-4532-948E-27FEF4BC9ACB}.Release|Any CPU.ActiveCfg = Release|Any CPU
		{9E3B7C91-E06F-4532-948E-27FEF4BC9ACB}.Release|Any CPU.Build.0 = Release|Any CPU
	EndGlobalSection
	GlobalSection(SolutionProperties) = preSolution
		HideSolutionNode = FALSE
	EndGlobalSection
	GlobalSection(ExtensibilityGlobals) = postSolution
		SolutionGuid = {C9BB06D5-A505-4997-9060-CD69E5B5E594}
	EndGlobalSection
EndGlobal
